
Microsoft Visual Studio Solution File, Format Version 12.00
# Visual Studio Version 16
VisualStudioVersion = 16.0.32002.261
MinimumVisualStudioVersion = 10.0.40219.1
Project("{FAE04EC0-301F-11D3-BF4B-00C04F79EFBC}") = "Gmail_Project_Team8", "Gmail_Project_Team8\Gmail_Project_Team8.csproj", "{497344D6-0A59-4CAC-A009-1B5FCE4C202E}"
EndProject
Global
	GlobalSection(SolutionConfigurationPlatforms) = preSolution
		Debug|Any CPU = Debug|Any CPU
		Release|Any CPU = Release|Any CPU
	EndGlobalSection
	GlobalSection(ProjectConfigurationPlatforms) = postSolution
		{497344D6-0A59-4CAC-A009-1B5FCE4C202E}.Debug|Any CPU.ActiveCfg = Debug|Any CPU
		{497344D6-0A59-4CAC-A009-1B5FCE4C202E}.Debug|Any CPU.Build.0 = Debug|Any CPU
		{497344D6-0A59-4CAC-A009-1B5FCE4C202E}.Release|Any CPU.ActiveCfg = Release|Any CPU
		{497344D6-0A59-4CAC-A009-1B5FCE4C202E}.Release|Any CPU.Build.0 = Release|Any CPU
	EndGlobalSection
	GlobalSection(SolutionProperties) = preSolution
		HideSolutionNode = FALSE
	EndGlobalSection
	GlobalSection(ExtensibilityGlobals) = postSolution
		SolutionGuid = {4EF31FFE-FFD7-42D7-9266-2D8BEDA28429}
	EndGlobalSection
EndGlobal
